# THIS IS AN AUTOGENERATED FILE. DO NOT EDIT THIS FILE DIRECTLY.
# yarn lockfile v1


async-kit@^2.2.3:
  version "2.2.3"
  resolved "https://registry.yarnpkg.com/async-kit/-/async-kit-2.2.3.tgz#264751a279ddc5f59b419638b805ae2c49858fb7"
  dependencies:
    nextgen-events "^0.9.0"
    tree-kit "^0.5.26"

biskviit@1.0.1:
  version "1.0.1"
  resolved "https://registry.yarnpkg.com/biskviit/-/biskviit-1.0.1.tgz#037a0cd4b71b9e331fd90a1122de17dc49e420a7"
  dependencies:
    psl "^1.1.7"

dateformat@^2.0.0:
  version "2.0.0"
  resolved "https://registry.yarnpkg.com/dateformat/-/dateformat-2.0.0.tgz#2743e3abb5c3fc2462e527dca445e04e9f4dee17"

encoding@0.1.12:
  version "0.1.12"
  resolved "https://registry.yarnpkg.com/encoding/-/encoding-0.1.12.tgz#538b66f3ee62cd1ab51ec323829d1f9480c74beb"
  dependencies:
    iconv-lite "~0.4.13"

fetch@^1.1.0:
  version "1.1.0"
  resolved "https://registry.yarnpkg.com/fetch/-/fetch-1.1.0.tgz#0a8279f06be37f9f0ebb567560a30a480da59a2e"
  dependencies:
    biskviit "1.0.1"
    encoding "0.1.12"

find-exec@0.0.8:
  version "0.0.8"
  resolved "https://registry.yarnpkg.com/find-exec/-/find-exec-0.0.8.tgz#c89d36894ad7b6e2aa36b84270d0b2c9c32344db"
  dependencies:
    sync-exec "^0.6.2"

iconv-lite@~0.4.13:
  version "0.4.15"
  resolved "https://registry.yarnpkg.com/iconv-lite/-/iconv-lite-0.4.15.tgz#fe265a218ac6a57cfe854927e9d04c19825eddeb"

lodash@^4.17.4:
  version "4.17.4"
  resolved "https://registry.yarnpkg.com/lodash/-/lodash-4.17.4.tgz#78203a4d1c328ae1d86dca6460e369b57f4055ae"

nextgen-events@^0.9.0, nextgen-events@^0.9.8:
  version "0.9.8"
  resolved "https://registry.yarnpkg.com/nextgen-events/-/nextgen-events-0.9.8.tgz#ed1712c2b37dad55407b3e941672d1568c3a4630"

play-sound@^1.1.1:
  version "1.1.1"
  resolved "https://registry.yarnpkg.com/play-sound/-/play-sound-1.1.1.tgz#a0a5d29358beb298d33021b13bdedee09c67e7f1"
  dependencies:
    find-exec "0.0.8"

psl@^1.1.7:
  version "1.1.16"
  resolved "https://registry.yarnpkg.com/psl/-/psl-1.1.16.tgz#dc88ca320b87ba79f6feefdf665a8d3113b499c1"

q@^1.4.1:
  version "1.4.1"
  resolved "https://registry.yarnpkg.com/q/-/q-1.4.1.tgz#55705bcd93c5f3673530c2c2cbc0c2b3addc286e"

string-kit@^0.5.12:
  version "0.5.15"
  resolved "https://registry.yarnpkg.com/string-kit/-/string-kit-0.5.15.tgz#02cb7718c91ed750c242f969bcbdc0a3a8218732"
  dependencies:
    tree-kit "^0.5.24"

sync-exec@^0.6.2:
  version "0.6.2"
  resolved "https://registry.yarnpkg.com/sync-exec/-/sync-exec-0.6.2.tgz#717d22cc53f0ce1def5594362f3a89a2ebb91105"

terminal-kit@^0.26.1:
  version "0.26.1"
  resolved "https://registry.yarnpkg.com/terminal-kit/-/terminal-kit-0.26.1.tgz#142d960c98b3afc8e800fe5ebdf9cbbea6abdfa1"
  dependencies:
    async-kit "^2.2.3"
    nextgen-events "^0.9.8"
    string-kit "^0.5.12"
    tree-kit "^0.5.26"

tree-kit@^0.5.24, tree-kit@^0.5.26:
  version "0.5.26"
  resolved "https://registry.yarnpkg.com/tree-kit/-/tree-kit-0.5.26.tgz#8571c86fa24d1db754e5b0cb3a7e09f41e74a8df"
